
Microsoft Visual Studio Solution File, Format Version 12.00
# Visual Studio Version 17
VisualStudioVersion = 17.1.32228.430
MinimumVisualStudioVersion = 10.0.40219.1
Project("{FAE04EC0-301F-11D3-BF4B-00C04F79EFBC}") = "BB103_Thread", "BB103_Thread\BB103_Thread.csproj", "{736DCBEE-DE37-4C2F-A42C-F1EE4F92B102}"
EndProject
Global
	GlobalSection(SolutionConfigurationPlatforms) = preSolution
		Debug|Any CPU = Debug|Any CPU
		Release|Any CPU = Release|Any CPU
	EndGlobalSection
	GlobalSection(ProjectConfigurationPlatforms) = postSolution
		{736DCBEE-DE37-4C2F-A42C-F1EE4F92B102}.Debug|Any CPU.ActiveCfg = Debug|Any CPU
		{736DCBEE-DE37-4C2F-A42C-F1EE4F92B102}.Debug|Any CPU.Build.0 = Debug|Any CPU
		{736DCBEE-DE37-4C2F-A42C-F1EE4F92B102}.Release|Any CPU.ActiveCfg = Release|Any CPU
		{736DCBEE-DE37-4C2F-A42C-F1EE4F92B102}.Release|Any CPU.Build.0 = Release|Any CPU
	EndGlobalSection
	GlobalSection(SolutionProperties) = preSolution
		HideSolutionNode = FALSE
	EndGlobalSection
	GlobalSection(ExtensibilityGlobals) = postSolution
		SolutionGuid = {FE3CC1C4-50A9-4ADD-891C-9FE17643806A}
	EndGlobalSection
EndGlobal
