
Microsoft Visual Studio Solution File, Format Version 12.00
# Visual Studio Version 17
VisualStudioVersion = 17.1.32228.430
MinimumVisualStudioVersion = 10.0.40219.1
Project("{FAE04EC0-301F-11D3-BF4B-00C04F79EFBC}") = "bb103_Exception", "bb103_Exception\bb103_Exception.csproj", "{D86C2CB4-E999-4A83-B9FC-CF3F5426BAFF}"
EndProject
Global
	GlobalSection(SolutionConfigurationPlatforms) = preSolution
		Debug|Any CPU = Debug|Any CPU
		Release|Any CPU = Release|Any CPU
	EndGlobalSection
	GlobalSection(ProjectConfigurationPlatforms) = postSolution
		{D86C2CB4-E999-4A83-B9FC-CF3F5426BAFF}.Debug|Any CPU.ActiveCfg = Debug|Any CPU
		{D86C2CB4-E999-4A83-B9FC-CF3F5426BAFF}.Debug|Any CPU.Build.0 = Debug|Any CPU
		{D86C2CB4-E999-4A83-B9FC-CF3F5426BAFF}.Release|Any CPU.ActiveCfg = Release|Any CPU
		{D86C2CB4-E999-4A83-B9FC-CF3F5426BAFF}.Release|Any CPU.Build.0 = Release|Any CPU
	EndGlobalSection
	GlobalSection(SolutionProperties) = preSolution
		HideSolutionNode = FALSE
	EndGlobalSection
	GlobalSection(ExtensibilityGlobals) = postSolution
		SolutionGuid = {67A375E9-556C-4346-9187-52C67ACC5A18}
	EndGlobalSection
EndGlobal
