
Microsoft Visual Studio Solution File, Format Version 12.00
# Visual Studio Version 17
VisualStudioVersion = 17.1.32228.430
MinimumVisualStudioVersion = 10.0.40219.1
Project("{FAE04EC0-301F-11D3-BF4B-00C04F79EFBC}") = "bb103_enums", "bb103_enums\bb103_enums.csproj", "{0E5A8DE2-E0AA-46A6-97E1-5EE35BEDE7CF}"
EndProject
Global
	GlobalSection(SolutionConfigurationPlatforms) = preSolution
		Debug|Any CPU = Debug|Any CPU
		Release|Any CPU = Release|Any CPU
	EndGlobalSection
	GlobalSection(ProjectConfigurationPlatforms) = postSolution
		{0E5A8DE2-E0AA-46A6-97E1-5EE35BEDE7CF}.Debug|Any CPU.ActiveCfg = Debug|Any CPU
		{0E5A8DE2-E0AA-46A6-97E1-5EE35BEDE7CF}.Debug|Any CPU.Build.0 = Debug|Any CPU
		{0E5A8DE2-E0AA-46A6-97E1-5EE35BEDE7CF}.Release|Any CPU.ActiveCfg = Release|Any CPU
		{0E5A8DE2-E0AA-46A6-97E1-5EE35BEDE7CF}.Release|Any CPU.Build.0 = Release|Any CPU
	EndGlobalSection
	GlobalSection(SolutionProperties) = preSolution
		HideSolutionNode = FALSE
	EndGlobalSection
	GlobalSection(ExtensibilityGlobals) = postSolution
		SolutionGuid = {3E7A40BD-E03B-4000-BC12-1695E5649741}
	EndGlobalSection
EndGlobal
